
Microsoft Visual Studio Solution File, Format Version 12.00
# Visual Studio Version 17
VisualStudioVersion = 17.4.33205.214
MinimumVisualStudioVersion = 10.0.40219.1
Project("{FAE04EC0-301F-11D3-BF4B-00C04F79EFBC}") = "Ejercicio 10 - Temperaturas", "Ejercicio 10 - Temperaturas\Ejercicio 10 - Temperaturas.csproj", "{721CB88F-74C7-475E-B3EC-96EDCA6E1893}"
EndProject
Global
	GlobalSection(SolutionConfigurationPlatforms) = preSolution
		Debug|Any CPU = Debug|Any CPU
		Release|Any CPU = Release|Any CPU
	EndGlobalSection
	GlobalSection(ProjectConfigurationPlatforms) = postSolution
		{721CB88F-74C7-475E-B3EC-96EDCA6E1893}.Debug|Any CPU.ActiveCfg = Debug|Any CPU
		{721CB88F-74C7-475E-B3EC-96EDCA6E1893}.Debug|Any CPU.Build.0 = Debug|Any CPU
		{721CB88F-74C7-475E-B3EC-96EDCA6E1893}.Release|Any CPU.ActiveCfg = Release|Any CPU
		{721CB88F-74C7-475E-B3EC-96EDCA6E1893}.Release|Any CPU.Build.0 = Release|Any CPU
	EndGlobalSection
	GlobalSection(SolutionProperties) = preSolution
		HideSolutionNode = FALSE
	EndGlobalSection
	GlobalSection(ExtensibilityGlobals) = postSolution
		SolutionGuid = {1183D077-9C0A-4A4C-9CCC-8BB953D8CBCD}
	EndGlobalSection
EndGlobal
