
Microsoft Visual Studio Solution File, Format Version 12.00
# Visual Studio Version 17
VisualStudioVersion = 17.4.33205.214
MinimumVisualStudioVersion = 10.0.40219.1
Project("{FAE04EC0-301F-11D3-BF4B-00C04F79EFBC}") = "Ejercicio 9 - Fisica", "Ejercicio 9 - Fisica\Ejercicio 9 - Fisica.csproj", "{47A137E1-BDD1-4512-AB39-7E8A283DD1FC}"
EndProject
Global
	GlobalSection(SolutionConfigurationPlatforms) = preSolution
		Debug|Any CPU = Debug|Any CPU
		Release|Any CPU = Release|Any CPU
	EndGlobalSection
	GlobalSection(ProjectConfigurationPlatforms) = postSolution
		{47A137E1-BDD1-4512-AB39-7E8A283DD1FC}.Debug|Any CPU.ActiveCfg = Debug|Any CPU
		{47A137E1-BDD1-4512-AB39-7E8A283DD1FC}.Debug|Any CPU.Build.0 = Debug|Any CPU
		{47A137E1-BDD1-4512-AB39-7E8A283DD1FC}.Release|Any CPU.ActiveCfg = Release|Any CPU
		{47A137E1-BDD1-4512-AB39-7E8A283DD1FC}.Release|Any CPU.Build.0 = Release|Any CPU
	EndGlobalSection
	GlobalSection(SolutionProperties) = preSolution
		HideSolutionNode = FALSE
	EndGlobalSection
	GlobalSection(ExtensibilityGlobals) = postSolution
		SolutionGuid = {A3951F1E-A078-4424-8196-74EC5DA16F95}
	EndGlobalSection
EndGlobal
